
Microsoft Visual Studio Solution File, Format Version 12.00
# Visual Studio 2012
Project("{FAE04EC0-301F-11D3-BF4B-00C04F79EFBC}") = "CoyoteMoves", "CoyoteMoves\CoyoteMoves.csproj", "{81F1A25C-C4ED-4259-956A-E8BD1218D128}"
EndProject
Global
	GlobalSection(SolutionConfigurationPlatforms) = preSolution
		Debug|Any CPU = Debug|Any CPU
		Release|Any CPU = Release|Any CPU
	EndGlobalSection
	GlobalSection(ProjectConfigurationPlatforms) = postSolution
		{81F1A25C-C4ED-4259-956A-E8BD1218D128}.Debug|Any CPU.ActiveCfg = Debug|Any CPU
		{81F1A25C-C4ED-4259-956A-E8BD1218D128}.Debug|Any CPU.Build.0 = Debug|Any CPU
		{81F1A25C-C4ED-4259-956A-E8BD1218D128}.Release|Any CPU.ActiveCfg = Release|Any CPU
		{81F1A25C-C4ED-4259-956A-E8BD1218D128}.Release|Any CPU.Build.0 = Release|Any CPU
	EndGlobalSection
	GlobalSection(SolutionProperties) = preSolution
		HideSolutionNode = FALSE
	EndGlobalSection
EndGlobal
